
Microsoft Visual Studio Solution File, Format Version 12.00
# Visual Studio Version 16
VisualStudioVersion = 16.0.31424.327
MinimumVisualStudioVersion = 10.0.40219.1
Project("{FAE04EC0-301F-11D3-BF4B-00C04F79EFBC}") = "EntityFrameworkCoreDbFirst", "EntityFrameworkCoreDbFirst\EntityFrameworkCoreDbFirst.csproj", "{32F7E9FE-2023-4218-B770-BBD8F3135908}"
EndProject
Global
	GlobalSection(SolutionConfigurationPlatforms) = preSolution
		Debug|Any CPU = Debug|Any CPU
		Release|Any CPU = Release|Any CPU
	EndGlobalSection
	GlobalSection(ProjectConfigurationPlatforms) = postSolution
		{32F7E9FE-2023-4218-B770-BBD8F3135908}.Debug|Any CPU.ActiveCfg = Debug|Any CPU
		{32F7E9FE-2023-4218-B770-BBD8F3135908}.Debug|Any CPU.Build.0 = Debug|Any CPU
		{32F7E9FE-2023-4218-B770-BBD8F3135908}.Release|Any CPU.ActiveCfg = Release|Any CPU
		{32F7E9FE-2023-4218-B770-BBD8F3135908}.Release|Any CPU.Build.0 = Release|Any CPU
	EndGlobalSection
	GlobalSection(SolutionProperties) = preSolution
		HideSolutionNode = FALSE
	EndGlobalSection
	GlobalSection(ExtensibilityGlobals) = postSolution
		SolutionGuid = {AD5A292B-0C11-4C11-9AF4-F0D30817F689}
	EndGlobalSection
EndGlobal
